
Microsoft Visual Studio Solution File, Format Version 12.00
# Visual Studio Version 17
VisualStudioVersion = 17.8.34601.278
MinimumVisualStudioVersion = 10.0.40219.1
Project("{FAE04EC0-301F-11D3-BF4B-00C04F79EFBC}") = "Client2", "Client2\Client2.csproj", "{33FF5DEA-AD40-40DC-BA13-CE7C92381651}"
EndProject
Project("{FAE04EC0-301F-11D3-BF4B-00C04F79EFBC}") = "Client2Api", "Client2Api\Client2Api.csproj", "{46B62CB0-7925-45AC-ACA0-2FA3E186E29E}"
EndProject
Global
	GlobalSection(SolutionConfigurationPlatforms) = preSolution
		Debug|Any CPU = Debug|Any CPU
		Release|Any CPU = Release|Any CPU
	EndGlobalSection
	GlobalSection(ProjectConfigurationPlatforms) = postSolution
		{33FF5DEA-AD40-40DC-BA13-CE7C92381651}.Debug|Any CPU.ActiveCfg = Debug|Any CPU
		{33FF5DEA-AD40-40DC-BA13-CE7C92381651}.Debug|Any CPU.Build.0 = Debug|Any CPU
		{33FF5DEA-AD40-40DC-BA13-CE7C92381651}.Release|Any CPU.ActiveCfg = Release|Any CPU
		{33FF5DEA-AD40-40DC-BA13-CE7C92381651}.Release|Any CPU.Build.0 = Release|Any CPU
		{46B62CB0-7925-45AC-ACA0-2FA3E186E29E}.Debug|Any CPU.ActiveCfg = Debug|Any CPU
		{46B62CB0-7925-45AC-ACA0-2FA3E186E29E}.Debug|Any CPU.Build.0 = Debug|Any CPU
		{46B62CB0-7925-45AC-ACA0-2FA3E186E29E}.Release|Any CPU.ActiveCfg = Release|Any CPU
		{46B62CB0-7925-45AC-ACA0-2FA3E186E29E}.Release|Any CPU.Build.0 = Release|Any CPU
	EndGlobalSection
	GlobalSection(SolutionProperties) = preSolution
		HideSolutionNode = FALSE
	EndGlobalSection
	GlobalSection(ExtensibilityGlobals) = postSolution
		SolutionGuid = {B8AB0213-E45E-4A8F-917E-014C4E23802B}
	EndGlobalSection
EndGlobal
